{
  "name": "fs-git",
  "version": "1.0.0",
  "lockfileVersion": 1,
  "dependencies": {
    "debug": {
      "version": "4.0.1",
      "resolved": "http://registry.npm.taobao.org/debug/download/debug-4.0.1.tgz",
      "integrity": "sha1-+bs21Dm40fDdUtj7a0bk67jBzVs="
    },
    "ms": {
      "version": "2.1.1",
      "resolved": "http://registry.npm.taobao.org/ms/download/ms-2.1.1.tgz",
      "integrity": "sha1-MKWGTrPrsKZvLr5tcnrwagnYbgo="
    },
    "simple-git": {
      "version": "1.102.0",
      "resolved": "http://registry.npm.taobao.org/simple-git/download/simple-git-1.102.0.tgz",
      "integrity": "sha1-XhWaFfz8seyiEqT9zrQ4QWbHHn0="
    }
  }
}
