{
  "name": "fs-git",
  "version": "1.0.0",
  "lockfileVersion": 1,
  "dependencies": {
    "abbrev": {
      "version": "1.1.1",
      "resolved": "http://registry.npm.taobao.org/abbrev/download/abbrev-1.1.1.tgz",
      "integrity": "sha1-+PLIh60Qv2f2NPAFtph/7TF5qsg="
    },
    "debug": {
      "version": "4.0.1",
      "resolved": "http://registry.npm.taobao.org/debug/download/debug-4.0.1.tgz",
      "integrity": "sha1-+bs21Dm40fDdUtj7a0bk67jBzVs="
    },
    "diff": {
      "version": "3.5.0",
      "resolved": "http://registry.npm.taobao.org/diff/download/diff-3.5.0.tgz",
      "integrity": "sha1-gAwN0eCov7yVg1wgKtIg/jF+WhI="
    },
    "diff2html": {
      "version": "2.4.0",
      "resolved": "http://registry.npm.taobao.org/diff2html/download/diff2html-2.4.0.tgz",
      "integrity": "sha1-3mMjhO76Wn9rDpLq+x+iXSLciKs="
    },
    "hogan.js": {
      "version": "3.0.2",
      "resolved": "http://registry.npm.taobao.org/hogan.js/download/hogan.js-3.0.2.tgz",
      "integrity": "sha1-TNnhq9QpQUbnZ55B14mHMrAse/0="
    },
    "lodash": {
      "version": "4.17.11",
      "resolved": "http://registry.npm.taobao.org/lodash/download/lodash-4.17.11.tgz",
      "integrity": "sha1-s56mIp72B+zYniyN8SU2iRysm40="
    },
    "mkdirp": {
      "version": "0.3.0",
      "resolved": "http://registry.npm.taobao.org/mkdirp/download/mkdirp-0.3.0.tgz",
      "integrity": "sha1-G79asbqCevI1dRQ0kEJkVfSB/h4="
    },
    "ms": {
      "version": "2.1.1",
      "resolved": "http://registry.npm.taobao.org/ms/download/ms-2.1.1.tgz",
      "integrity": "sha1-MKWGTrPrsKZvLr5tcnrwagnYbgo="
    },
    "nopt": {
      "version": "1.0.10",
      "resolved": "http://registry.npm.taobao.org/nopt/download/nopt-1.0.10.tgz",
      "integrity": "sha1-bd0hvSoxQXuScn3Vhfim83YI6+4="
    },
    "simple-git": {
      "version": "1.102.0",
      "resolved": "http://registry.npm.taobao.org/simple-git/download/simple-git-1.102.0.tgz",
      "integrity": "sha1-XhWaFfz8seyiEqT9zrQ4QWbHHn0="
    },
    "uuid": {
      "version": "3.3.2",
      "resolved": "http://registry.npm.taobao.org/uuid/download/uuid-3.3.2.tgz",
      "integrity": "sha1-G0r0lV6zB3xQHCOHL8ZROBFYcTE="
    },
    "whatwg-fetch": {
      "version": "2.0.4",
      "resolved": "http://registry.npm.taobao.org/whatwg-fetch/download/whatwg-fetch-2.0.4.tgz",
      "integrity": "sha1-3eal3zFfnTmZGqF2IYU9cguFVm8="
    }
  }
}
